github.com/calintat/minimal v0.0.0-20210103220336-987f270dfee3 h1:JHnBhRE6pzNJPIpctf9iUqfUzWTNOEzUTlMorRet4Nc=
github.com/calintat/minimal v0.0.0-20210103220336-987f270dfee3/go.mod h1:DcAXbWg74unipQb+Kgvv+jns9U2l9v+DM0DPCLjlE7E=
github.com/theNewDynamic/hugo-module-tnd-forms v0.0.0-20201012204924-fbe1d1bf396c h1:01W5NTe1S7oYwdXioflDmyp6TezDq4YvBPTpGoLehrU=
github.com/theNewDynamic/hugo-module-tnd-forms v0.0.0-20201012204924-fbe1d1bf396c/go.mod h1:j9sQrPJ9va1OJYgokFkc15g/Y8BeeWzW26nJqtI8puQ=
